
Microsoft Visual Studio Solution File, Format Version 12.00
Project("{FAE04EC0-301F-11D3-BF4B-00C04F79EFBC}") = "SamplePlugin", "SamplePlugin\SamplePlugin.csproj", "{295A7C2E-36A8-45C7-8E31-EC0B2D3BA640}"
EndProject
Project("{FAE04EC0-301F-11D3-BF4B-00C04F79EFBC}") = "PluginManager.Core", "PluginManager\PluginManager.Core\PluginManager.Core.csproj", "{746FEDE2-7491-4AF2-B8CB-58840023F9C2}"
EndProject
Global
	GlobalSection(SolutionConfigurationPlatforms) = preSolution
		Debug|Any CPU = Debug|Any CPU
		Release|Any CPU = Release|Any CPU
	EndGlobalSection
	GlobalSection(ProjectConfigurationPlatforms) = postSolution
		{295A7C2E-36A8-45C7-8E31-EC0B2D3BA640}.Debug|Any CPU.ActiveCfg = Debug|Any CPU
		{295A7C2E-36A8-45C7-8E31-EC0B2D3BA640}.Debug|Any CPU.Build.0 = Debug|Any CPU
		{295A7C2E-36A8-45C7-8E31-EC0B2D3BA640}.Release|Any CPU.ActiveCfg = Release|Any CPU
		{295A7C2E-36A8-45C7-8E31-EC0B2D3BA640}.Release|Any CPU.Build.0 = Release|Any CPU
		{746FEDE2-7491-4AF2-B8CB-58840023F9C2}.Debug|Any CPU.ActiveCfg = Debug|Any CPU
		{746FEDE2-7491-4AF2-B8CB-58840023F9C2}.Debug|Any CPU.Build.0 = Debug|Any CPU
		{746FEDE2-7491-4AF2-B8CB-58840023F9C2}.Release|Any CPU.ActiveCfg = Release|Any CPU
		{746FEDE2-7491-4AF2-B8CB-58840023F9C2}.Release|Any CPU.Build.0 = Release|Any CPU
	EndGlobalSection
EndGlobal
